
Microsoft Visual Studio Solution File, Format Version 12.00
# Visual Studio 2012
Project("{FAE04EC0-301F-11D3-BF4B-00C04F79EFBC}") = "TestAPIFingerprint", "TestAPIFingerprint.csproj", "{ED08E44A-B71A-4214-A266-E4E699F09994}"
EndProject
Global
	GlobalSection(SolutionConfigurationPlatforms) = preSolution
		Debug|x86 = Debug|x86
		Release|x86 = Release|x86
	EndGlobalSection
	GlobalSection(ProjectConfigurationPlatforms) = postSolution
		{ED08E44A-B71A-4214-A266-E4E699F09994}.Debug|x86.ActiveCfg = Debug|x86
		{ED08E44A-B71A-4214-A266-E4E699F09994}.Debug|x86.Build.0 = Debug|x86
		{ED08E44A-B71A-4214-A266-E4E699F09994}.Release|x86.ActiveCfg = Release|x86
		{ED08E44A-B71A-4214-A266-E4E699F09994}.Release|x86.Build.0 = Release|x86
	EndGlobalSection
	GlobalSection(SolutionProperties) = preSolution
		HideSolutionNode = FALSE
	EndGlobalSection
EndGlobal
